
Microsoft Visual Studio Solution File, Format Version 12.00
# Visual Studio Version 16
VisualStudioVersion = 16.0.30611.23
MinimumVisualStudioVersion = 10.0.40219.1
Project("{FAE04EC0-301F-11D3-BF4B-00C04F79EFBC}") = "_dotNet5781_00_0933_8558", "dotNet5781_00_0933_8558\_dotNet5781_00_0933_8558.csproj", "{85B44BE8-9C2D-4C85-A8C2-F0F1137F7733}"
EndProject
Project("{FAE04EC0-301F-11D3-BF4B-00C04F79EFBC}") = "_dotNet5781_01_0933_8558", "dotNet5781_01_0933_8558\_dotNet5781_01_0933_8558.csproj", "{7FCCC017-B71E-456C-9D02-95F9E67DD2B6}"
EndProject
Project("{FAE04EC0-301F-11D3-BF4B-00C04F79EFBC}") = "_dotNet5781_02_0933_8558", "dotNet5781_02_0933_8558\_dotNet5781_02_0933_8558.csproj", "{4E0352FC-453B-4B4A-8A6E-CFF3D066C073}"
EndProject
Project("{FAE04EC0-301F-11D3-BF4B-00C04F79EFBC}") = "_dotNet5781_03A_0933_8558", "dotNet5781_03A_0933_8558\_dotNet5781_03A_0933_8558.csproj", "{83A41B1F-F176-4A49-9DA8-BF77344812B7}"
EndProject
Project("{FAE04EC0-301F-11D3-BF4B-00C04F79EFBC}") = "_dotNet5781_03B_0933_8558", "dotNet5781_03B_0933_8558\_dotNet5781_03B_0933_8558.csproj", "{C1B0E412-2A68-4948-B730-0489D98A862C}"
EndProject
Project("{FAE04EC0-301F-11D3-BF4B-00C04F79EFBC}") = "DAL", "DL\DAL.csproj", "{C2940469-7A48-4457-ADDE-53103A33EC42}"
EndProject
Project("{FAE04EC0-301F-11D3-BF4B-00C04F79EFBC}") = "BL", "BL\BL.csproj", "{6F223799-78EE-433B-A878-3DD68D5B7B7E}"
EndProject
Project("{FAE04EC0-301F-11D3-BF4B-00C04F79EFBC}") = "DalApi", "DLAPI\DalApi.csproj", "{D1A9F0FD-EF1A-4BEA-8404-BCCED11FD7AC}"
EndProject
Project("{FAE04EC0-301F-11D3-BF4B-00C04F79EFBC}") = "DalObject", "DalObject\DalObject.csproj", "{6DF32EE7-E3A3-4319-B5BF-9BDDE2E07F3C}"
EndProject
Project("{FAE04EC0-301F-11D3-BF4B-00C04F79EFBC}") = "DalXml", "DalXml\DalXml.csproj", "{B84B8278-D748-4BBE-9A2E-80068CC8BB16}"
EndProject
Project("{FAE04EC0-301F-11D3-BF4B-00C04F79EFBC}") = "DS", "DS\DS.csproj", "{535E60F2-144F-4ED5-A653-BBF57D3C77DF}"
EndProject
Project("{FAE04EC0-301F-11D3-BF4B-00C04F79EFBC}") = "PlGui", "PlGui\PlGui.csproj", "{F1836311-616F-4BD7-8301-3D4D3EAB4700}"
EndProject
Global
	GlobalSection(SolutionConfigurationPlatforms) = preSolution
		Debug|Any CPU = Debug|Any CPU
		Release|Any CPU = Release|Any CPU
	EndGlobalSection
	GlobalSection(ProjectConfigurationPlatforms) = postSolution
		{85B44BE8-9C2D-4C85-A8C2-F0F1137F7733}.Debug|Any CPU.ActiveCfg = Debug|Any CPU
		{85B44BE8-9C2D-4C85-A8C2-F0F1137F7733}.Debug|Any CPU.Build.0 = Debug|Any CPU
		{85B44BE8-9C2D-4C85-A8C2-F0F1137F7733}.Release|Any CPU.ActiveCfg = Release|Any CPU
		{85B44BE8-9C2D-4C85-A8C2-F0F1137F7733}.Release|Any CPU.Build.0 = Release|Any CPU
		{7FCCC017-B71E-456C-9D02-95F9E67DD2B6}.Debug|Any CPU.ActiveCfg = Debug|Any CPU
		{7FCCC017-B71E-456C-9D02-95F9E67DD2B6}.Debug|Any CPU.Build.0 = Debug|Any CPU
		{7FCCC017-B71E-456C-9D02-95F9E67DD2B6}.Release|Any CPU.ActiveCfg = Release|Any CPU
		{7FCCC017-B71E-456C-9D02-95F9E67DD2B6}.Release|Any CPU.Build.0 = Release|Any CPU
		{4E0352FC-453B-4B4A-8A6E-CFF3D066C073}.Debug|Any CPU.ActiveCfg = Debug|Any CPU
		{4E0352FC-453B-4B4A-8A6E-CFF3D066C073}.Debug|Any CPU.Build.0 = Debug|Any CPU
		{4E0352FC-453B-4B4A-8A6E-CFF3D066C073}.Release|Any CPU.ActiveCfg = Release|Any CPU
		{4E0352FC-453B-4B4A-8A6E-CFF3D066C073}.Release|Any CPU.Build.0 = Release|Any CPU
		{83A41B1F-F176-4A49-9DA8-BF77344812B7}.Debug|Any CPU.ActiveCfg = Debug|Any CPU
		{83A41B1F-F176-4A49-9DA8-BF77344812B7}.Debug|Any CPU.Build.0 = Debug|Any CPU
		{83A41B1F-F176-4A49-9DA8-BF77344812B7}.Release|Any CPU.ActiveCfg = Release|Any CPU
		{83A41B1F-F176-4A49-9DA8-BF77344812B7}.Release|Any CPU.Build.0 = Release|Any CPU
		{C1B0E412-2A68-4948-B730-0489D98A862C}.Debug|Any CPU.ActiveCfg = Debug|Any CPU
		{C1B0E412-2A68-4948-B730-0489D98A862C}.Debug|Any CPU.Build.0 = Debug|Any CPU
		{C1B0E412-2A68-4948-B730-0489D98A862C}.Release|Any CPU.ActiveCfg = Release|Any CPU
		{C1B0E412-2A68-4948-B730-0489D98A862C}.Release|Any CPU.Build.0 = Release|Any CPU
		{C2940469-7A48-4457-ADDE-53103A33EC42}.Debug|Any CPU.ActiveCfg = Debug|Any CPU
		{C2940469-7A48-4457-ADDE-53103A33EC42}.Debug|Any CPU.Build.0 = Debug|Any CPU
		{C2940469-7A48-4457-ADDE-53103A33EC42}.Release|Any CPU.ActiveCfg = Release|Any CPU
		{C2940469-7A48-4457-ADDE-53103A33EC42}.Release|Any CPU.Build.0 = Release|Any CPU
		{6F223799-78EE-433B-A878-3DD68D5B7B7E}.Debug|Any CPU.ActiveCfg = Debug|Any CPU
		{6F223799-78EE-433B-A878-3DD68D5B7B7E}.Debug|Any CPU.Build.0 = Debug|Any CPU
		{6F223799-78EE-433B-A878-3DD68D5B7B7E}.Release|Any CPU.ActiveCfg = Release|Any CPU
		{6F223799-78EE-433B-A878-3DD68D5B7B7E}.Release|Any CPU.Build.0 = Release|Any CPU
		{D1A9F0FD-EF1A-4BEA-8404-BCCED11FD7AC}.Debug|Any CPU.ActiveCfg = Debug|Any CPU
		{D1A9F0FD-EF1A-4BEA-8404-BCCED11FD7AC}.Debug|Any CPU.Build.0 = Debug|Any CPU
		{D1A9F0FD-EF1A-4BEA-8404-BCCED11FD7AC}.Release|Any CPU.ActiveCfg = Release|Any CPU
		{D1A9F0FD-EF1A-4BEA-8404-BCCED11FD7AC}.Release|Any CPU.Build.0 = Release|Any CPU
		{6DF32EE7-E3A3-4319-B5BF-9BDDE2E07F3C}.Debug|Any CPU.ActiveCfg = Debug|Any CPU
		{6DF32EE7-E3A3-4319-B5BF-9BDDE2E07F3C}.Debug|Any CPU.Build.0 = Debug|Any CPU
		{6DF32EE7-E3A3-4319-B5BF-9BDDE2E07F3C}.Release|Any CPU.ActiveCfg = Release|Any CPU
		{6DF32EE7-E3A3-4319-B5BF-9BDDE2E07F3C}.Release|Any CPU.Build.0 = Release|Any CPU
		{B84B8278-D748-4BBE-9A2E-80068CC8BB16}.Debug|Any CPU.ActiveCfg = Debug|Any CPU
		{B84B8278-D748-4BBE-9A2E-80068CC8BB16}.Debug|Any CPU.Build.0 = Debug|Any CPU
		{B84B8278-D748-4BBE-9A2E-80068CC8BB16}.Release|Any CPU.ActiveCfg = Release|Any CPU
		{B84B8278-D748-4BBE-9A2E-80068CC8BB16}.Release|Any CPU.Build.0 = Release|Any CPU
		{535E60F2-144F-4ED5-A653-BBF57D3C77DF}.Debug|Any CPU.ActiveCfg = Debug|Any CPU
		{535E60F2-144F-4ED5-A653-BBF57D3C77DF}.Debug|Any CPU.Build.0 = Debug|Any CPU
		{535E60F2-144F-4ED5-A653-BBF57D3C77DF}.Release|Any CPU.ActiveCfg = Release|Any CPU
		{535E60F2-144F-4ED5-A653-BBF57D3C77DF}.Release|Any CPU.Build.0 = Release|Any CPU
		{F1836311-616F-4BD7-8301-3D4D3EAB4700}.Debug|Any CPU.ActiveCfg = Debug|Any CPU
		{F1836311-616F-4BD7-8301-3D4D3EAB4700}.Debug|Any CPU.Build.0 = Debug|Any CPU
		{F1836311-616F-4BD7-8301-3D4D3EAB4700}.Release|Any CPU.ActiveCfg = Release|Any CPU
		{F1836311-616F-4BD7-8301-3D4D3EAB4700}.Release|Any CPU.Build.0 = Release|Any CPU
	EndGlobalSection
	GlobalSection(SolutionProperties) = preSolution
		HideSolutionNode = FALSE
	EndGlobalSection
	GlobalSection(ExtensibilityGlobals) = postSolution
		SolutionGuid = {A67ED5F2-6F2A-48A6-AC98-D5AE857559C3}
	EndGlobalSection
EndGlobal
